
Microsoft Visual Studio Solution File, Format Version 12.00
# Visual Studio Version 16
VisualStudioVersion = 16.0.28729.10
MinimumVisualStudioVersion = 10.0.40219.1
Project("{FAE04EC0-301F-11D3-BF4B-00C04F79EFBC}") = "MyCalaculator", "MyCalaculator\MyCalaculator.csproj", "{D789E379-F76B-4ED7-9486-196850A98738}"
EndProject
Global
	GlobalSection(SolutionConfigurationPlatforms) = preSolution
		Debug|Any CPU = Debug|Any CPU
		Release|Any CPU = Release|Any CPU
	EndGlobalSection
	GlobalSection(ProjectConfigurationPlatforms) = postSolution
		{D789E379-F76B-4ED7-9486-196850A98738}.Debug|Any CPU.ActiveCfg = Debug|Any CPU
		{D789E379-F76B-4ED7-9486-196850A98738}.Debug|Any CPU.Build.0 = Debug|Any CPU
		{D789E379-F76B-4ED7-9486-196850A98738}.Release|Any CPU.ActiveCfg = Release|Any CPU
		{D789E379-F76B-4ED7-9486-196850A98738}.Release|Any CPU.Build.0 = Release|Any CPU
	EndGlobalSection
	GlobalSection(SolutionProperties) = preSolution
		HideSolutionNode = FALSE
	EndGlobalSection
	GlobalSection(ExtensibilityGlobals) = postSolution
		SolutionGuid = {05196AE5-C31C-4655-952B-3B6C631B4CB1}
	EndGlobalSection
EndGlobal
